<?xml version="1.0" encoding="utf-8"?>
<Project ToolsVersion="4.0" xmlns="http://schemas.microsoft.com/developer/msbuild/2003">
  <ItemGroup>
    <Filter Include="Source Files">
      <UniqueIdentifier>{4FC737F1-C7A5-4376-A066-2A32D752A2FF}</UniqueIdentifier>
      <Extensions>cpp;c;cc;cxx;def;odl;idl;hpj;bat;asm;asmx</Extensions>
    </Filter>
    <Filter Include="Header Files">
      <UniqueIdentifier>{93995380-89BD-4b04-88EB-625FBE52EBFB}</UniqueIdentifier>
      <Extensions>h;hh;hpp;hxx;hm;inl;inc;xsd</Extensions>
    </Filter>
    <Filter Include="Resource Files">
      <UniqueIdentifier>{67DA6AB6-F800-4c08-8B7A-83BB121AAD01}</UniqueIdentifier>
      <Extensions>rc;ico;cur;bmp;dlg;rc2;rct;bin;rgs;gif;jpg;jpeg;jpe;resx;tiff;tif;png;wav;mfcribbon-ms</Extensions>
    </Filter>
  </ItemGroup>
  <ItemGroup>
    <ClCompile Include="src\main.cpp">
        <Filter>Source Files</Filter>
    </ClCompile>
    <ClCompile Include="src\rendering\Renderer.cpp">
        <Filter>Source Files</Filter>
    </ClCompile>
    <ClCompile Include="src\rendering\Window.cpp">
        <Filter>Source Files</Filter>
    </ClCompile>
    <ClCompile Include="src\entities\models\BaseObjectModel.cpp">
        <Filter>Source Files</Filter>
    </ClCompile>
    <ClCompile Include="src\rendering\shaders\ShaderProgram.cpp">
        <Filter>Source Files</Filter>
    </ClCompile>
    <ClCompile Include="src\entities\Entity.cpp">
        <Filter>Source Files</Filter>
    </ClCompile>
    <ClCompile Include="src\rendering\Scene.cpp">
        <Filter>Source Files</Filter>
    </ClCompile>
    <ClCompile Include="src\rendering\shaders\LightShaderProgram.cpp">
        <Filter>Source Files</Filter>
    </ClCompile>
    <ClCompile Include="src\rendering\shaders\AbsorberShaderProgram.cpp">
        <Filter>Source Files</Filter>
    </ClCompile>
    <ClCompile Include="src\rendering\shaders\LightShaderProgram.cpp">
        <Filter>Source Files</Filter>
    </ClCompile>
    <ClCompile Include="src\rendering\Camera.cpp">
        <Filter>Source Files</Filter>
    </ClCompile>
    <ClCompile Include="src\rendering\shaders\DepthShaderProgram.cpp">
        <Filter>Source Files</Filter>
    </ClCompile>
    <ClCompile Include="src\entities\lights\DirectionalLight.cpp">
        <Filter>Source Files</Filter>
    </ClCompile>
    <ClCompile Include="src\rendering\shaders\SkyboxShaderProgram.cpp">
        <Filter>Source Files</Filter>
    </ClCompile>
    <ClCompile Include="src\rendering\shaders\SkyboxShaderProgram.h">
        <Filter>Source Files</Filter>
    </ClCompile>
  </ItemGroup>
  <ItemGroup>
    <ClInclude Include="src\entities\models\BaseObjectModel.h">
        <Filter>Header Files</Filter>
    </ClInclude>
    <ClInclude Include="src\rendering\shaders\ShaderProgram.h">
        <Filter>Header Files</Filter>
    </ClInclude>
    <ClInclude Include="src\entities\models\CuboidModel.h">
        <Filter>Header Files</Filter>
    </ClInclude>
    <ClInclude Include="src\entities\models\CubeModel.h">
        <Filter>Header Files</Filter>
    </ClInclude>
    <ClInclude Include="src\entities\Entity.h">
        <Filter>Header Files</Filter>
    </ClInclude>
    <ClInclude Include="src\rendering\Scene.h">
        <Filter>Header Files</Filter>
    </ClInclude>
    <ClInclude Include="src\utils\Vertex.h">
        <Filter>Header Files</Filter>
    </ClInclude>
    <ClInclude Include="src\rendering\shaders\LightShaderProgram.h">
        <Filter>Header Files</Filter>
    </ClInclude>
    <ClInclude Include="src\rendering\shaders\AbsorberShaderProgram.h">
        <Filter>Header Files</Filter>
    </ClInclude>
    <ClInclude Include="src\entities\absorbers\Absorber.h">
        <Filter>Header Files</Filter>
    </ClInclude>
    <ClInclude Include="src\entities\lights\PointLight.h">
        <Filter>Header Files</Filter>
    </ClInclude>
    <ClInclude Include="src\utils\Material.h">
        <Filter>Header Files</Filter>
    </ClInclude>
    <ClInclude Include="src\utils\PointLightAttributes.h">
        <Filter>Header Files</Filter>
    </ClInclude>
    <ClInclude Include="src\rendering\Camera.cpp">
        <Filter>Header Files</Filter>
    </ClInclude>
    <ClInclude Include="src\rendering\Camera.h">
        <Filter>Header Files</Filter>
    </ClInclude>
    <ClInclude Include="src\entities\lights\DirectionalLight.h">
        <Filter>Header Files</Filter>
    </ClInclude>
    <ClInclude Include="src\utils\DirectionalLightAttributes.h">
        <Filter>Header Files</Filter>
    </ClInclude>
    <ClInclude Include="src\rendering\shaders\DepthShaderProgram.h">
        <Filter>Header Files</Filter>
    </ClInclude>
    <ClInclude Include="src\entities\skybox\Skybox.h">
        <Filter>Header Files</Filter>
    </ClInclude>
    <ClInclude Include="src\utils\Texture.h">
        <Filter>Header Files</Filter>
    </ClInclude>
    <ClInclude Include="src\rendering\shaders\SkyboxShaderProgram.h">
        <Filter>Header Files</Filter>
    </ClInclude>
    <ClInclude Include="src\entities\models\PlaneModel.h">
        <Filter>Header Files</Filter>
    </ClInclude>
    <ClInclude Include="src\entities\models\RectangularFrustum.h">
        <Filter>Header Files</Filter>
    </ClInclude>
    <ClInclude Include="src\utils\GeometryHelper.h">
        <Filter>Header Files</Filter>
    </ClInclude>
    <ClInclude Include="src\entities\models\Pyramid.h">
        <Filter>Header Files</Filter>
    </ClInclude>
    <ClInclude Include="src\entities\models\RegularPyramid.h">
        <Filter>Header Files</Filter>
    </ClInclude>
    <ClInclude Include="src\entities\models\CircularFrustum.h">
        <Filter>Header Files</Filter>
    </ClInclude>
    <ClInclude Include="src\entities\models\Cylinder.h">
        <Filter>Header Files</Filter>
    </ClInclude>
    <ClInclude Include="src\entities\models\Cone.h">
        <Filter>Header Files</Filter>
    </ClInclude>
    <ClInclude Include="src\entities\models\Tetrahedron.h">
        <Filter>Header Files</Filter>
    </ClInclude>
    <ClInclude Include="src\entities\models\RegularTetrahedron.h">
        <Filter>Header Files</Filter>
    </ClInclude>
    <ClInclude Include="src\entities\models\Sphere.h">
        <Filter>Header Files</Filter>
    </ClInclude>
  </ItemGroup>
</Project>